// !$*UTF8*$!
{
	archiveVersion = 1;
	classes = {
	};
	objectVersion = 56;
	objects = {

/* Begin PBXBuildFile section */
		7745E37C2A61016400C03FC6 /* TrailingIconLabelStyle.swift in Sources */ = {isa = PBXBuildFile; fileRef = 7745E37B2A61016400C03FC6 /* TrailingIconLabelStyle.swift */; };
		777D2F142A79B35D005C8C08 /* MeetingTimerView.swift in Sources */ = {isa = PBXBuildFile; fileRef = 777D2F132A79B35D005C8C08 /* MeetingTimerView.swift */; };
		779C76A02A661A7B004F4AE6 /* DetailView.swift in Sources */ = {isa = PBXBuildFile; fileRef = 779C769F2A661A7B004F4AE6 /* DetailView.swift */; };
		77A922F12A660376008612DF /* ScrumsView.swift in Sources */ = {isa = PBXBuildFile; fileRef = 77A922F02A660376008612DF /* ScrumsView.swift */; };
		77CC80BD2A6712B100B3366C /* ThemeView.swift in Sources */ = {isa = PBXBuildFile; fileRef = 77CC80BC2A6712B100B3366C /* ThemeView.swift */; };
		77CC80BF2A6713FA00B3366C /* ThemePicker.swift in Sources */ = {isa = PBXBuildFile; fileRef = 77CC80BE2A6713FA00B3366C /* ThemePicker.swift */; };
		77CE4BF12A66596D00A6D81F /* DetailEditView.swift in Sources */ = {isa = PBXBuildFile; fileRef = 77CE4BF02A66596D00A6D81F /* DetailEditView.swift */; };
		77D1DDC72A69B42500604E0C /* ScrumProgressViewStyle.swift in Sources */ = {isa = PBXBuildFile; fileRef = 77D1DDC62A69B42500604E0C /* ScrumProgressViewStyle.swift */; };
		77D1DDCC2A69B4BE00604E0C /* ding.wav in Resources */ = {isa = PBXBuildFile; fileRef = 77D1DDCB2A69B4BE00604E0C /* ding.wav */; };
		77D1DDCE2A69B4E400604E0C /* AVPlayer+Ding.swift in Sources */ = {isa = PBXBuildFile; fileRef = 77D1DDCD2A69B4E400604E0C /* AVPlayer+Ding.swift */; };
		77D1DDD02A69B51200604E0C /* ScrumTimer.swift in Sources */ = {isa = PBXBuildFile; fileRef = 77D1DDCF2A69B51200604E0C /* ScrumTimer.swift */; };
		77D1DDD22A69B81700604E0C /* MeetingHeaderView.swift in Sources */ = {isa = PBXBuildFile; fileRef = 77D1DDD12A69B81700604E0C /* MeetingHeaderView.swift */; };
		77D1DDD42A69CBED00604E0C /* MeetingFooterView.swift in Sources */ = {isa = PBXBuildFile; fileRef = 77D1DDD32A69CBED00604E0C /* MeetingFooterView.swift */; };
		77D1DDD82A69D6DA00604E0C /* NewScrumSheet.swift in Sources */ = {isa = PBXBuildFile; fileRef = 77D1DDD72A69D6DA00604E0C /* NewScrumSheet.swift */; };
		77D1DDDA2A69D94000604E0C /* History.swift in Sources */ = {isa = PBXBuildFile; fileRef = 77D1DDD92A69D94000604E0C /* History.swift */; };
		77D1DDDC2A69E76F00604E0C /* ScrumStore.swift in Sources */ = {isa = PBXBuildFile; fileRef = 77D1DDDB2A69E76F00604E0C /* ScrumStore.swift */; };
		77D1DDDE2A69F64900604E0C /* ErrorWrapper.swift in Sources */ = {isa = PBXBuildFile; fileRef = 77D1DDDD2A69F64900604E0C /* ErrorWrapper.swift */; };
		77D1DDE02A69F6E300604E0C /* ErrorView.swift in Sources */ = {isa = PBXBuildFile; fileRef = 77D1DDDF2A69F6E300604E0C /* ErrorView.swift */; };
		77F8A38E2A5FBA05002AF4F1 /* ScrumdingerApp.swift in Sources */ = {isa = PBXBuildFile; fileRef = 77F8A38D2A5FBA05002AF4F1 /* ScrumdingerApp.swift */; };
		77F8A3902A5FBA05002AF4F1 /* MeetingView.swift in Sources */ = {isa = PBXBuildFile; fileRef = 77F8A38F2A5FBA05002AF4F1 /* MeetingView.swift */; };
		77F8A3922A5FBA08002AF4F1 /* Assets.xcassets in Resources */ = {isa = PBXBuildFile; fileRef = 77F8A3912A5FBA08002AF4F1 /* Assets.xcassets */; };
		77F8A3952A5FBA08002AF4F1 /* Preview Assets.xcassets in Resources */ = {isa = PBXBuildFile; fileRef = 77F8A3942A5FBA08002AF4F1 /* Preview Assets.xcassets */; };
		77F8A39F2A5FBA08002AF4F1 /* ScrumdingerTests.swift in Sources */ = {isa = PBXBuildFile; fileRef = 77F8A39E2A5FBA08002AF4F1 /* ScrumdingerTests.swift */; };
		77F8A3A92A5FBA08002AF4F1 /* ScrumdingerUITests.swift in Sources */ = {isa = PBXBuildFile; fileRef = 77F8A3A82A5FBA08002AF4F1 /* ScrumdingerUITests.swift */; };
		77F8A3AB2A5FBA08002AF4F1 /* ScrumdingerUITestsLaunchTests.swift in Sources */ = {isa = PBXBuildFile; fileRef = 77F8A3AA2A5FBA08002AF4F1 /* ScrumdingerUITestsLaunchTests.swift */; };
		77F8A3B92A5FC678002AF4F1 /* Theme.swift in Sources */ = {isa = PBXBuildFile; fileRef = 77F8A3B82A5FC678002AF4F1 /* Theme.swift */; };
		77F8A3BB2A5FC948002AF4F1 /* DailyScrum.swift in Sources */ = {isa = PBXBuildFile; fileRef = 77F8A3BA2A5FC948002AF4F1 /* DailyScrum.swift */; };
		77F8A3BD2A5FCD21002AF4F1 /* CardView.swift in Sources */ = {isa = PBXBuildFile; fileRef = 77F8A3BC2A5FCD21002AF4F1 /* CardView.swift */; };
/* End PBXBuildFile section */

/* Begin PBXContainerItemProxy section */
		77F8A39B2A5FBA08002AF4F1 /* PBXContainerItemProxy */ = {
			isa = PBXContainerItemProxy;
			containerPortal = 77F8A3822A5FBA05002AF4F1 /* Project object */;
			proxyType = 1;
			remoteGlobalIDString = 77F8A3892A5FBA05002AF4F1;
			remoteInfo = Scrumdinger;
		};
		77F8A3A52A5FBA08002AF4F1 /* PBXContainerItemProxy */ = {
			isa = PBXContainerItemProxy;
			containerPortal = 77F8A3822A5FBA05002AF4F1 /* Project object */;
			proxyType = 1;
			remoteGlobalIDString = 77F8A3892A5FBA05002AF4F1;
			remoteInfo = Scrumdinger;
		};
/* End PBXContainerItemProxy section */

/* Begin PBXFileReference section */
		7745E37B2A61016400C03FC6 /* TrailingIconLabelStyle.swift */ = {isa = PBXFileReference; lastKnownFileType = sourcecode.swift; path = TrailingIconLabelStyle.swift; sourceTree = "<group>"; };
		777D2F132A79B35D005C8C08 /* MeetingTimerView.swift */ = {isa = PBXFileReference; lastKnownFileType = sourcecode.swift; path = MeetingTimerView.swift; sourceTree = "<group>"; };
		779C769F2A661A7B004F4AE6 /* DetailView.swift */ = {isa = PBXFileReference; lastKnownFileType = sourcecode.swift; path = DetailView.swift; sourceTree = "<group>"; };
		77A922F02A660376008612DF /* ScrumsView.swift */ = {isa = PBXFileReference; lastKnownFileType = sourcecode.swift; path = ScrumsView.swift; sourceTree = "<group>"; };
		77CC80BC2A6712B100B3366C /* ThemeView.swift */ = {isa = PBXFileReference; lastKnownFileType = sourcecode.swift; path = ThemeView.swift; sourceTree = "<group>"; };
		77CC80BE2A6713FA00B3366C /* ThemePicker.swift */ = {isa = PBXFileReference; lastKnownFileType = sourcecode.swift; path = ThemePicker.swift; sourceTree = "<group>"; };
		77CE4BF02A66596D00A6D81F /* DetailEditView.swift */ = {isa = PBXFileReference; lastKnownFileType = sourcecode.swift; path = DetailEditView.swift; sourceTree = "<group>"; };
		77D1DDC62A69B42500604E0C /* ScrumProgressViewStyle.swift */ = {isa = PBXFileReference; lastKnownFileType = sourcecode.swift; path = ScrumProgressViewStyle.swift; sourceTree = "<group>"; };
		77D1DDCB2A69B4BE00604E0C /* ding.wav */ = {isa = PBXFileReference; lastKnownFileType = audio.wav; path = ding.wav; sourceTree = "<group>"; };
		77D1DDCD2A69B4E400604E0C /* AVPlayer+Ding.swift */ = {isa = PBXFileReference; lastKnownFileType = sourcecode.swift; path = "AVPlayer+Ding.swift"; sourceTree = "<group>"; };
		77D1DDCF2A69B51200604E0C /* ScrumTimer.swift */ = {isa = PBXFileReference; lastKnownFileType = sourcecode.swift; path = ScrumTimer.swift; sourceTree = "<group>"; };
		77D1DDD12A69B81700604E0C /* MeetingHeaderView.swift */ = {isa = PBXFileReference; lastKnownFileType = sourcecode.swift; path = MeetingHeaderView.swift; sourceTree = "<group>"; };
		77D1DDD32A69CBED00604E0C /* MeetingFooterView.swift */ = {isa = PBXFileReference; lastKnownFileType = sourcecode.swift; path = MeetingFooterView.swift; sourceTree = "<group>"; };
		77D1DDD72A69D6DA00604E0C /* NewScrumSheet.swift */ = {isa = PBXFileReference; lastKnownFileType = sourcecode.swift; path = NewScrumSheet.swift; sourceTree = "<group>"; };
		77D1DDD92A69D94000604E0C /* History.swift */ = {isa = PBXFileReference; lastKnownFileType = sourcecode.swift; path = History.swift; sourceTree = "<group>"; };
		77D1DDDB2A69E76F00604E0C /* ScrumStore.swift */ = {isa = PBXFileReference; lastKnownFileType = sourcecode.swift; path = ScrumStore.swift; sourceTree = "<group>"; };
		77D1DDDD2A69F64900604E0C /* ErrorWrapper.swift */ = {isa = PBXFileReference; lastKnownFileType = sourcecode.swift; path = ErrorWrapper.swift; sourceTree = "<group>"; };
		77D1DDDF2A69F6E300604E0C /* ErrorView.swift */ = {isa = PBXFileReference; lastKnownFileType = sourcecode.swift; path = ErrorView.swift; sourceTree = "<group>"; };
		77F8A38A2A5FBA05002AF4F1 /* Scrumdinger.app */ = {isa = PBXFileReference; explicitFileType = wrapper.application; includeInIndex = 0; path = Scrumdinger.app; sourceTree = BUILT_PRODUCTS_DIR; };
		77F8A38D2A5FBA05002AF4F1 /* ScrumdingerApp.swift */ = {isa = PBXFileReference; lastKnownFileType = sourcecode.swift; path = ScrumdingerApp.swift; sourceTree = "<group>"; };
		77F8A38F2A5FBA05002AF4F1 /* MeetingView.swift */ = {isa = PBXFileReference; lastKnownFileType = sourcecode.swift; path = MeetingView.swift; sourceTree = "<group>"; };
		77F8A3912A5FBA08002AF4F1 /* Assets.xcassets */ = {isa = PBXFileReference; lastKnownFileType = folder.assetcatalog; path = Assets.xcassets; sourceTree = "<group>"; };
		77F8A3942A5FBA08002AF4F1 /* Preview Assets.xcassets */ = {isa = PBXFileReference; lastKnownFileType = folder.assetcatalog; path = "Preview Assets.xcassets"; sourceTree = "<group>"; };
		77F8A39A2A5FBA08002AF4F1 /* ScrumdingerTests.xctest */ = {isa = PBXFileReference; explicitFileType = wrapper.cfbundle; includeInIndex = 0; path = ScrumdingerTests.xctest; sourceTree = BUILT_PRODUCTS_DIR; };
		77F8A39E2A5FBA08002AF4F1 /* ScrumdingerTests.swift */ = {isa = PBXFileReference; lastKnownFileType = sourcecode.swift; path = ScrumdingerTests.swift; sourceTree = "<group>"; };
		77F8A3A42A5FBA08002AF4F1 /* ScrumdingerUITests.xctest */ = {isa = PBXFileReference; explicitFileType = wrapper.cfbundle; includeInIndex = 0; path = ScrumdingerUITests.xctest; sourceTree = BUILT_PRODUCTS_DIR; };
		77F8A3A82A5FBA08002AF4F1 /* ScrumdingerUITests.swift */ = {isa = PBXFileReference; lastKnownFileType = sourcecode.swift; path = ScrumdingerUITests.swift; sourceTree = "<group>"; };
		77F8A3AA2A5FBA08002AF4F1 /* ScrumdingerUITestsLaunchTests.swift */ = {isa = PBXFileReference; lastKnownFileType = sourcecode.swift; path = ScrumdingerUITestsLaunchTests.swift; sourceTree = "<group>"; };
		77F8A3B82A5FC678002AF4F1 /* Theme.swift */ = {isa = PBXFileReference; lastKnownFileType = sourcecode.swift; path = Theme.swift; sourceTree = "<group>"; };
		77F8A3BA2A5FC948002AF4F1 /* DailyScrum.swift */ = {isa = PBXFileReference; lastKnownFileType = sourcecode.swift; path = DailyScrum.swift; sourceTree = "<group>"; };
		77F8A3BC2A5FCD21002AF4F1 /* CardView.swift */ = {isa = PBXFileReference; lastKnownFileType = sourcecode.swift; path = CardView.swift; sourceTree = "<group>"; };
/* End PBXFileReference section */

/* Begin PBXFrameworksBuildPhase section */
		77F8A3872A5FBA05002AF4F1 /* Frameworks */ = {
			isa = PBXFrameworksBuildPhase;
			buildActionMask = 2147483647;
			files = (
			);
			runOnlyForDeploymentPostprocessing = 0;
		};
		77F8A3972A5FBA08002AF4F1 /* Frameworks */ = {
			isa = PBXFrameworksBuildPhase;
			buildActionMask = 2147483647;
			files = (
			);
			runOnlyForDeploymentPostprocessing = 0;
		};
		77F8A3A12A5FBA08002AF4F1 /* Frameworks */ = {
			isa = PBXFrameworksBuildPhase;
			buildActionMask = 2147483647;
			files = (
			);
			runOnlyForDeploymentPostprocessing = 0;
		};
/* End PBXFrameworksBuildPhase section */

/* Begin PBXGroup section */
		7745E37A2A61007100C03FC6 /* Views */ = {
			isa = PBXGroup;
			children = (
				77F8A38F2A5FBA05002AF4F1 /* MeetingView.swift */,
				779C769F2A661A7B004F4AE6 /* DetailView.swift */,
				77CE4BF02A66596D00A6D81F /* DetailEditView.swift */,
				77CC80BE2A6713FA00B3366C /* ThemePicker.swift */,
				777D2F132A79B35D005C8C08 /* MeetingTimerView.swift */,
				77F8A3BC2A5FCD21002AF4F1 /* CardView.swift */,
				77D1DDDF2A69F6E300604E0C /* ErrorView.swift */,
				77D1DDC62A69B42500604E0C /* ScrumProgressViewStyle.swift */,
				77A922F02A660376008612DF /* ScrumsView.swift */,
				77D1DDD72A69D6DA00604E0C /* NewScrumSheet.swift */,
				77D1DDD32A69CBED00604E0C /* MeetingFooterView.swift */,
				77CC80BC2A6712B100B3366C /* ThemeView.swift */,
				77D1DDD12A69B81700604E0C /* MeetingHeaderView.swift */,
				7745E37B2A61016400C03FC6 /* TrailingIconLabelStyle.swift */,
			);
			path = Views;
			sourceTree = "<group>";
		};
		77D1DDC82A69B47600604E0C /* Resources */ = {
			isa = PBXGroup;
			children = (
				77D1DDCB2A69B4BE00604E0C /* ding.wav */,
			);
			path = Resources;
			sourceTree = "<group>";
		};
		77F8A3812A5FBA05002AF4F1 = {
			isa = PBXGroup;
			children = (
				77F8A38C2A5FBA05002AF4F1 /* Scrumdinger */,
				77F8A39D2A5FBA08002AF4F1 /* ScrumdingerTests */,
				77F8A3A72A5FBA08002AF4F1 /* ScrumdingerUITests */,
				77F8A38B2A5FBA05002AF4F1 /* Products */,
			);
			sourceTree = "<group>";
		};
		77F8A38B2A5FBA05002AF4F1 /* Products */ = {
			isa = PBXGroup;
			children = (
				77F8A38A2A5FBA05002AF4F1 /* Scrumdinger.app */,
				77F8A39A2A5FBA08002AF4F1 /* ScrumdingerTests.xctest */,
				77F8A3A42A5FBA08002AF4F1 /* ScrumdingerUITests.xctest */,
			);
			name = Products;
			sourceTree = "<group>";
		};
		77F8A38C2A5FBA05002AF4F1 /* Scrumdinger */ = {
			isa = PBXGroup;
			children = (
				77D1DDC82A69B47600604E0C /* Resources */,
				7745E37A2A61007100C03FC6 /* Views */,
				77F8A3B72A5FC643002AF4F1 /* Models */,
				77F8A38D2A5FBA05002AF4F1 /* ScrumdingerApp.swift */,
				77F8A3912A5FBA08002AF4F1 /* Assets.xcassets */,
				77F8A3932A5FBA08002AF4F1 /* Preview Content */,
			);
			path = Scrumdinger;
			sourceTree = "<group>";
		};
		77F8A3932A5FBA08002AF4F1 /* Preview Content */ = {
			isa = PBXGroup;
			children = (
				77F8A3942A5FBA08002AF4F1 /* Preview Assets.xcassets */,
			);
			path = "Preview Content";
			sourceTree = "<group>";
		};
		77F8A39D2A5FBA08002AF4F1 /* ScrumdingerTests */ = {
			isa = PBXGroup;
			children = (
				77F8A39E2A5FBA08002AF4F1 /* ScrumdingerTests.swift */,
			);
			path = ScrumdingerTests;
			sourceTree = "<group>";
		};
		77F8A3A72A5FBA08002AF4F1 /* ScrumdingerUITests */ = {
			isa = PBXGroup;
			children = (
				77F8A3A82A5FBA08002AF4F1 /* ScrumdingerUITests.swift */,
				77F8A3AA2A5FBA08002AF4F1 /* ScrumdingerUITestsLaunchTests.swift */,
			);
			path = ScrumdingerUITests;
			sourceTree = "<group>";
		};
		77F8A3B72A5FC643002AF4F1 /* Models */ = {
			isa = PBXGroup;
			children = (
				77F8A3B82A5FC678002AF4F1 /* Theme.swift */,
				77D1DDCD2A69B4E400604E0C /* AVPlayer+Ding.swift */,
				77D1DDCF2A69B51200604E0C /* ScrumTimer.swift */,
				77D1DDDB2A69E76F00604E0C /* ScrumStore.swift */,
				77D1DDD92A69D94000604E0C /* History.swift */,
				77F8A3BA2A5FC948002AF4F1 /* DailyScrum.swift */,
				77D1DDDD2A69F64900604E0C /* ErrorWrapper.swift */,
			);
			path = Models;
			sourceTree = "<group>";
		};
/* End PBXGroup section */

/* Begin PBXNativeTarget section */
		77F8A3892A5FBA05002AF4F1 /* Scrumdinger */ = {
			isa = PBXNativeTarget;
			buildConfigurationList = 77F8A3AE2A5FBA08002AF4F1 /* Build configuration list for PBXNativeTarget "Scrumdinger" */;
			buildPhases = (
				77F8A3862A5FBA05002AF4F1 /* Sources */,
				77F8A3872A5FBA05002AF4F1 /* Frameworks */,
				77F8A3882A5FBA05002AF4F1 /* Resources */,
			);
			buildRules = (
			);
			dependencies = (
			);
			name = Scrumdinger;
			productName = Scrumdinger;
			productReference = 77F8A38A2A5FBA05002AF4F1 /* Scrumdinger.app */;
			productType = "com.apple.product-type.application";
		};
		77F8A3992A5FBA08002AF4F1 /* ScrumdingerTests */ = {
			isa = PBXNativeTarget;
			buildConfigurationList = 77F8A3B12A5FBA08002AF4F1 /* Build configuration list for PBXNativeTarget "ScrumdingerTests" */;
			buildPhases = (
				77F8A3962A5FBA08002AF4F1 /* Sources */,
				77F8A3972A5FBA08002AF4F1 /* Frameworks */,
				77F8A3982A5FBA08002AF4F1 /* Resources */,
			);
			buildRules = (
			);
			dependencies = (
				77F8A39C2A5FBA08002AF4F1 /* PBXTargetDependency */,
			);
			name = ScrumdingerTests;
			productName = ScrumdingerTests;
			productReference = 77F8A39A2A5FBA08002AF4F1 /* ScrumdingerTests.xctest */;
			productType = "com.apple.product-type.bundle.unit-test";
		};
		77F8A3A32A5FBA08002AF4F1 /* ScrumdingerUITests */ = {
			isa = PBXNativeTarget;
			buildConfigurationList = 77F8A3B42A5FBA08002AF4F1 /* Build configuration list for PBXNativeTarget "ScrumdingerUITests" */;
			buildPhases = (
				77F8A3A02A5FBA08002AF4F1 /* Sources */,
				77F8A3A12A5FBA08002AF4F1 /* Frameworks */,
				77F8A3A22A5FBA08002AF4F1 /* Resources */,
			);
			buildRules = (
			);
			dependencies = (
				77F8A3A62A5FBA08002AF4F1 /* PBXTargetDependency */,
			);
			name = ScrumdingerUITests;
			productName = ScrumdingerUITests;
			productReference = 77F8A3A42A5FBA08002AF4F1 /* ScrumdingerUITests.xctest */;
			productType = "com.apple.product-type.bundle.ui-testing";
		};
/* End PBXNativeTarget section */

/* Begin PBXProject section */
		77F8A3822A5FBA05002AF4F1 /* Project object */ = {
			isa = PBXProject;
			attributes = {
				BuildIndependentTargetsInParallel = 1;
				LastSwiftUpdateCheck = 1430;
				LastUpgradeCheck = 1430;
				TargetAttributes = {
					77F8A3892A5FBA05002AF4F1 = {
						CreatedOnToolsVersion = 14.3.1;
					};
					77F8A3992A5FBA08002AF4F1 = {
						CreatedOnToolsVersion = 14.3.1;
						TestTargetID = 77F8A3892A5FBA05002AF4F1;
					};
					77F8A3A32A5FBA08002AF4F1 = {
						CreatedOnToolsVersion = 14.3.1;
						TestTargetID = 77F8A3892A5FBA05002AF4F1;
					};
				};
			};
			buildConfigurationList = 77F8A3852A5FBA05002AF4F1 /* Build configuration list for PBXProject "Scrumdinger" */;
			compatibilityVersion = "Xcode 14.0";
			developmentRegion = en;
			hasScannedForEncodings = 0;
			knownRegions = (
				en,
				Base,
			);
			mainGroup = 77F8A3812A5FBA05002AF4F1;
			productRefGroup = 77F8A38B2A5FBA05002AF4F1 /* Products */;
			projectDirPath = "";
			projectRoot = "";
			targets = (
				77F8A3892A5FBA05002AF4F1 /* Scrumdinger */,
				77F8A3992A5FBA08002AF4F1 /* ScrumdingerTests */,
				77F8A3A32A5FBA08002AF4F1 /* ScrumdingerUITests */,
			);
		};
/* End PBXProject section */

/* Begin PBXResourcesBuildPhase section */
		77F8A3882A5FBA05002AF4F1 /* Resources */ = {
			isa = PBXResourcesBuildPhase;
			buildActionMask = 2147483647;
			files = (
				77D1DDCC2A69B4BE00604E0C /* ding.wav in Resources */,
				77F8A3952A5FBA08002AF4F1 /* Preview Assets.xcassets in Resources */,
				77F8A3922A5FBA08002AF4F1 /* Assets.xcassets in Resources */,
			);
			runOnlyForDeploymentPostprocessing = 0;
		};
		77F8A3982A5FBA08002AF4F1 /* Resources */ = {
			isa = PBXResourcesBuildPhase;
			buildActionMask = 2147483647;
			files = (
			);
			runOnlyForDeploymentPostprocessing = 0;
		};
		77F8A3A22A5FBA08002AF4F1 /* Resources */ = {
			isa = PBXResourcesBuildPhase;
			buildActionMask = 2147483647;
			files = (
			);
			runOnlyForDeploymentPostprocessing = 0;
		};
/* End PBXResourcesBuildPhase section */

/* Begin PBXSourcesBuildPhase section */
		77F8A3862A5FBA05002AF4F1 /* Sources */ = {
			isa = PBXSourcesBuildPhase;
			buildActionMask = 2147483647;
			files = (
				77D1DDDA2A69D94000604E0C /* History.swift in Sources */,
				77CC80BF2A6713FA00B3366C /* ThemePicker.swift in Sources */,
				77F8A3BB2A5FC948002AF4F1 /* DailyScrum.swift in Sources */,
				77D1DDD02A69B51200604E0C /* ScrumTimer.swift in Sources */,
				77D1DDE02A69F6E300604E0C /* ErrorView.swift in Sources */,
				77D1DDC72A69B42500604E0C /* ScrumProgressViewStyle.swift in Sources */,
				777D2F142A79B35D005C8C08 /* MeetingTimerView.swift in Sources */,
				77D1DDCE2A69B4E400604E0C /* AVPlayer+Ding.swift in Sources */,
				77D1DDDC2A69E76F00604E0C /* ScrumStore.swift in Sources */,
				77D1DDD42A69CBED00604E0C /* MeetingFooterView.swift in Sources */,
				77D1DDDE2A69F64900604E0C /* ErrorWrapper.swift in Sources */,
				779C76A02A661A7B004F4AE6 /* DetailView.swift in Sources */,
				77CE4BF12A66596D00A6D81F /* DetailEditView.swift in Sources */,
				77D1DDD82A69D6DA00604E0C /* NewScrumSheet.swift in Sources */,
				7745E37C2A61016400C03FC6 /* TrailingIconLabelStyle.swift in Sources */,
				77F8A3B92A5FC678002AF4F1 /* Theme.swift in Sources */,
				77D1DDD22A69B81700604E0C /* MeetingHeaderView.swift in Sources */,
				77A922F12A660376008612DF /* ScrumsView.swift in Sources */,
				77F8A3902A5FBA05002AF4F1 /* MeetingView.swift in Sources */,
				77F8A38E2A5FBA05002AF4F1 /* ScrumdingerApp.swift in Sources */,
				77CC80BD2A6712B100B3366C /* ThemeView.swift in Sources */,
				77F8A3BD2A5FCD21002AF4F1 /* CardView.swift in Sources */,
			);
			runOnlyForDeploymentPostprocessing = 0;
		};
		77F8A3962A5FBA08002AF4F1 /* Sources */ = {
			isa = PBXSourcesBuildPhase;
			buildActionMask = 2147483647;
			files = (
				77F8A39F2A5FBA08002AF4F1 /* ScrumdingerTests.swift in Sources */,
			);
			runOnlyForDeploymentPostprocessing = 0;
		};
		77F8A3A02A5FBA08002AF4F1 /* Sources */ = {
			isa = PBXSourcesBuildPhase;
			buildActionMask = 2147483647;
			files = (
				77F8A3AB2A5FBA08002AF4F1 /* ScrumdingerUITestsLaunchTests.swift in Sources */,
				77F8A3A92A5FBA08002AF4F1 /* ScrumdingerUITests.swift in Sources */,
			);
			runOnlyForDeploymentPostprocessing = 0;
		};
/* End PBXSourcesBuildPhase section */

/* Begin PBXTargetDependency section */
		77F8A39C2A5FBA08002AF4F1 /* PBXTargetDependency */ = {
			isa = PBXTargetDependency;
			target = 77F8A3892A5FBA05002AF4F1 /* Scrumdinger */;
			targetProxy = 77F8A39B2A5FBA08002AF4F1 /* PBXContainerItemProxy */;
		};
		77F8A3A62A5FBA08002AF4F1 /* PBXTargetDependency */ = {
			isa = PBXTargetDependency;
			target = 77F8A3892A5FBA05002AF4F1 /* Scrumdinger */;
			targetProxy = 77F8A3A52A5FBA08002AF4F1 /* PBXContainerItemProxy */;
		};
/* End PBXTargetDependency section */

/* Begin XCBuildConfiguration section */
		77F8A3AC2A5FBA08002AF4F1 /* Debug */ = {
			isa = XCBuildConfiguration;
			buildSettings = {
				ALWAYS_SEARCH_USER_PATHS = NO;
				CLANG_ANALYZER_NONNULL = YES;
				CLANG_ANALYZER_NUMBER_OBJECT_CONVERSION = YES_AGGRESSIVE;
				CLANG_CXX_LANGUAGE_STANDARD = "gnu++20";
				CLANG_ENABLE_MODULES = YES;
				CLANG_ENABLE_OBJC_ARC = YES;
				CLANG_ENABLE_OBJC_WEAK = YES;
				CLANG_WARN_BLOCK_CAPTURE_AUTORELEASING = YES;
				CLANG_WARN_BOOL_CONVERSION = YES;
				CLANG_WARN_COMMA = YES;
				CLANG_WARN_CONSTANT_CONVERSION = YES;
				CLANG_WARN_DEPRECATED_OBJC_IMPLEMENTATIONS = YES;
				CLANG_WARN_DIRECT_OBJC_ISA_USAGE = YES_ERROR;
				CLANG_WARN_DOCUMENTATION_COMMENTS = YES;
				CLANG_WARN_EMPTY_BODY = YES;
				CLANG_WARN_ENUM_CONVERSION = YES;
				CLANG_WARN_INFINITE_RECURSION = YES;
				CLANG_WARN_INT_CONVERSION = YES;
				CLANG_WARN_NON_LITERAL_NULL_CONVERSION = YES;
				CLANG_WARN_OBJC_IMPLICIT_RETAIN_SELF = YES;
				CLANG_WARN_OBJC_LITERAL_CONVERSION = YES;
				CLANG_WARN_OBJC_ROOT_CLASS = YES_ERROR;
				CLANG_WARN_QUOTED_INCLUDE_IN_FRAMEWORK_HEADER = YES;
				CLANG_WARN_RANGE_LOOP_ANALYSIS = YES;
				CLANG_WARN_STRICT_PROTOTYPES = YES;
				CLANG_WARN_SUSPICIOUS_MOVE = YES;
				CLANG_WARN_UNGUARDED_AVAILABILITY = YES_AGGRESSIVE;
				CLANG_WARN_UNREACHABLE_CODE = YES;
				CLANG_WARN__DUPLICATE_METHOD_MATCH = YES;
				COPY_PHASE_STRIP = NO;
				DEBUG_INFORMATION_FORMAT = dwarf;
				ENABLE_STRICT_OBJC_MSGSEND = YES;
				ENABLE_TESTABILITY = YES;
				GCC_C_LANGUAGE_STANDARD = gnu11;
				GCC_DYNAMIC_NO_PIC = NO;
				GCC_NO_COMMON_BLOCKS = YES;
				GCC_OPTIMIZATION_LEVEL = 0;
				GCC_PREPROCESSOR_DEFINITIONS = (
					"DEBUG=1",
					"$(inherited)",
				);
				GCC_WARN_64_TO_32_BIT_CONVERSION = YES;
				GCC_WARN_ABOUT_RETURN_TYPE = YES_ERROR;
				GCC_WARN_UNDECLARED_SELECTOR = YES;
				GCC_WARN_UNINITIALIZED_AUTOS = YES_AGGRESSIVE;
				GCC_WARN_UNUSED_FUNCTION = YES;
				GCC_WARN_UNUSED_VARIABLE = YES;
				IPHONEOS_DEPLOYMENT_TARGET = 16.4;
				MTL_ENABLE_DEBUG_INFO = INCLUDE_SOURCE;
				MTL_FAST_MATH = YES;
				ONLY_ACTIVE_ARCH = YES;
				SDKROOT = iphoneos;
				SWIFT_ACTIVE_COMPILATION_CONDITIONS = DEBUG;
				SWIFT_OPTIMIZATION_LEVEL = "-Onone";
			};
			name = Debug;
		};
		77F8A3AD2A5FBA08002AF4F1 /* Release */ = {
			isa = XCBuildConfiguration;
			buildSettings = {
				ALWAYS_SEARCH_USER_PATHS = NO;
				CLANG_ANALYZER_NONNULL = YES;
				CLANG_ANALYZER_NUMBER_OBJECT_CONVERSION = YES_AGGRESSIVE;
				CLANG_CXX_LANGUAGE_STANDARD = "gnu++20";
				CLANG_ENABLE_MODULES = YES;
				CLANG_ENABLE_OBJC_ARC = YES;
				CLANG_ENABLE_OBJC_WEAK = YES;
				CLANG_WARN_BLOCK_CAPTURE_AUTORELEASING = YES;
				CLANG_WARN_BOOL_CONVERSION = YES;
				CLANG_WARN_COMMA = YES;
				CLANG_WARN_CONSTANT_CONVERSION = YES;
				CLANG_WARN_DEPRECATED_OBJC_IMPLEMENTATIONS = YES;
				CLANG_WARN_DIRECT_OBJC_ISA_USAGE = YES_ERROR;
				CLANG_WARN_DOCUMENTATION_COMMENTS = YES;
				CLANG_WARN_EMPTY_BODY = YES;
				CLANG_WARN_ENUM_CONVERSION = YES;
				CLANG_WARN_INFINITE_RECURSION = YES;
				CLANG_WARN_INT_CONVERSION = YES;
				CLANG_WARN_NON_LITERAL_NULL_CONVERSION = YES;
				CLANG_WARN_OBJC_IMPLICIT_RETAIN_SELF = YES;
				CLANG_WARN_OBJC_LITERAL_CONVERSION = YES;
				CLANG_WARN_OBJC_ROOT_CLASS = YES_ERROR;
				CLANG_WARN_QUOTED_INCLUDE_IN_FRAMEWORK_HEADER = YES;
				CLANG_WARN_RANGE_LOOP_ANALYSIS = YES;
				CLANG_WARN_STRICT_PROTOTYPES = YES;
				CLANG_WARN_SUSPICIOUS_MOVE = YES;
				CLANG_WARN_UNGUARDED_AVAILABILITY = YES_AGGRESSIVE;
				CLANG_WARN_UNREACHABLE_CODE = YES;
				CLANG_WARN__DUPLICATE_METHOD_MATCH = YES;
				COPY_PHASE_STRIP = NO;
				DEBUG_INFORMATION_FORMAT = "dwarf-with-dsym";
				ENABLE_NS_ASSERTIONS = NO;
				ENABLE_STRICT_OBJC_MSGSEND = YES;
				GCC_C_LANGUAGE_STANDARD = gnu11;
				GCC_NO_COMMON_BLOCKS = YES;
				GCC_WARN_64_TO_32_BIT_CONVERSION = YES;
				GCC_WARN_ABOUT_RETURN_TYPE = YES_ERROR;
				GCC_WARN_UNDECLARED_SELECTOR = YES;
				GCC_WARN_UNINITIALIZED_AUTOS = YES_AGGRESSIVE;
				GCC_WARN_UNUSED_FUNCTION = YES;
				GCC_WARN_UNUSED_VARIABLE = YES;
				IPHONEOS_DEPLOYMENT_TARGET = 16.4;
				MTL_ENABLE_DEBUG_INFO = NO;
				MTL_FAST_MATH = YES;
				SDKROOT = iphoneos;
				SWIFT_COMPILATION_MODE = wholemodule;
				SWIFT_OPTIMIZATION_LEVEL = "-O";
				VALIDATE_PRODUCT = YES;
			};
			name = Release;
		};
		77F8A3AF2A5FBA08002AF4F1 /* Debug */ = {
			isa = XCBuildConfiguration;
			buildSettings = {
				ASSETCATALOG_COMPILER_APPICON_NAME = AppIcon;
				ASSETCATALOG_COMPILER_GLOBAL_ACCENT_COLOR_NAME = AccentColor;
				CODE_SIGN_STYLE = Automatic;
				CURRENT_PROJECT_VERSION = 1;
				DEVELOPMENT_ASSET_PATHS = "\"Scrumdinger/Preview Content\"";
				ENABLE_PREVIEWS = YES;
				GENERATE_INFOPLIST_FILE = YES;
				INFOPLIST_KEY_UIApplicationSceneManifest_Generation = YES;
				INFOPLIST_KEY_UIApplicationSupportsIndirectInputEvents = YES;
				INFOPLIST_KEY_UILaunchScreen_Generation = YES;
				INFOPLIST_KEY_UISupportedInterfaceOrientations_iPad = "UIInterfaceOrientationPortrait UIInterfaceOrientationPortraitUpsideDown UIInterfaceOrientationLandscapeLeft UIInterfaceOrientationLandscapeRight";
				INFOPLIST_KEY_UISupportedInterfaceOrientations_iPhone = "UIInterfaceOrientationPortrait UIInterfaceOrientationLandscapeLeft UIInterfaceOrientationLandscapeRight";
				LD_RUNPATH_SEARCH_PATHS = (
					"$(inherited)",
					"@executable_path/Frameworks",
				);
				MARKETING_VERSION = 1.0;
				PRODUCT_BUNDLE_IDENTIFIER = shreyanshdixit.Scrumdinger;
				PRODUCT_NAME = "$(TARGET_NAME)";
				SWIFT_EMIT_LOC_STRINGS = YES;
				SWIFT_VERSION = 5.0;
				TARGETED_DEVICE_FAMILY = "1,2";
			};
			name = Debug;
		};
		77F8A3B02A5FBA08002AF4F1 /* Release */ = {
			isa = XCBuildConfiguration;
			buildSettings = {
				ASSETCATALOG_COMPILER_APPICON_NAME = AppIcon;
				ASSETCATALOG_COMPILER_GLOBAL_ACCENT_COLOR_NAME = AccentColor;
				CODE_SIGN_STYLE = Automatic;
				CURRENT_PROJECT_VERSION = 1;
				DEVELOPMENT_ASSET_PATHS = "\"Scrumdinger/Preview Content\"";
				ENABLE_PREVIEWS = YES;
				GENERATE_INFOPLIST_FILE = YES;
				INFOPLIST_KEY_UIApplicationSceneManifest_Generation = YES;
				INFOPLIST_KEY_UIApplicationSupportsIndirectInputEvents = YES;
				INFOPLIST_KEY_UILaunchScreen_Generation = YES;
				INFOPLIST_KEY_UISupportedInterfaceOrientations_iPad = "UIInterfaceOrientationPortrait UIInterfaceOrientationPortraitUpsideDown UIInterfaceOrientationLandscapeLeft UIInterfaceOrientationLandscapeRight";
				INFOPLIST_KEY_UISupportedInterfaceOrientations_iPhone = "UIInterfaceOrientationPortrait UIInterfaceOrientationLandscapeLeft UIInterfaceOrientationLandscapeRight";
				LD_RUNPATH_SEARCH_PATHS = (
					"$(inherited)",
					"@executable_path/Frameworks",
				);
				MARKETING_VERSION = 1.0;
				PRODUCT_BUNDLE_IDENTIFIER = shreyanshdixit.Scrumdinger;
				PRODUCT_NAME = "$(TARGET_NAME)";
				SWIFT_EMIT_LOC_STRINGS = YES;
				SWIFT_VERSION = 5.0;
				TARGETED_DEVICE_FAMILY = "1,2";
			};
			name = Release;
		};
		77F8A3B22A5FBA08002AF4F1 /* Debug */ = {
			isa = XCBuildConfiguration;
			buildSettings = {
				ALWAYS_EMBED_SWIFT_STANDARD_LIBRARIES = YES;
				BUNDLE_LOADER = "$(TEST_HOST)";
				CODE_SIGN_STYLE = Automatic;
				CURRENT_PROJECT_VERSION = 1;
				GENERATE_INFOPLIST_FILE = YES;
				IPHONEOS_DEPLOYMENT_TARGET = 16.4;
				MARKETING_VERSION = 1.0;
				PRODUCT_BUNDLE_IDENTIFIER = shreyanshdixit.ScrumdingerTests;
				PRODUCT_NAME = "$(TARGET_NAME)";
				SWIFT_EMIT_LOC_STRINGS = NO;
				SWIFT_VERSION = 5.0;
				TARGETED_DEVICE_FAMILY = "1,2";
				TEST_HOST = "$(BUILT_PRODUCTS_DIR)/Scrumdinger.app/$(BUNDLE_EXECUTABLE_FOLDER_PATH)/Scrumdinger";
			};
			name = Debug;
		};
		77F8A3B32A5FBA08002AF4F1 /* Release */ = {
			isa = XCBuildConfiguration;
			buildSettings = {
				ALWAYS_EMBED_SWIFT_STANDARD_LIBRARIES = YES;
				BUNDLE_LOADER = "$(TEST_HOST)";
				CODE_SIGN_STYLE = Automatic;
				CURRENT_PROJECT_VERSION = 1;
				GENERATE_INFOPLIST_FILE = YES;
				IPHONEOS_DEPLOYMENT_TARGET = 16.4;
				MARKETING_VERSION = 1.0;
				PRODUCT_BUNDLE_IDENTIFIER = shreyanshdixit.ScrumdingerTests;
				PRODUCT_NAME = "$(TARGET_NAME)";
				SWIFT_EMIT_LOC_STRINGS = NO;
				SWIFT_VERSION = 5.0;
				TARGETED_DEVICE_FAMILY = "1,2";
				TEST_HOST = "$(BUILT_PRODUCTS_DIR)/Scrumdinger.app/$(BUNDLE_EXECUTABLE_FOLDER_PATH)/Scrumdinger";
			};
			name = Release;
		};
		77F8A3B52A5FBA08002AF4F1 /* Debug */ = {
			isa = XCBuildConfiguration;
			buildSettings = {
				ALWAYS_EMBED_SWIFT_STANDARD_LIBRARIES = YES;
				CODE_SIGN_STYLE = Automatic;
				CURRENT_PROJECT_VERSION = 1;
				GENERATE_INFOPLIST_FILE = YES;
				MARKETING_VERSION = 1.0;
				PRODUCT_BUNDLE_IDENTIFIER = shreyanshdixit.ScrumdingerUITests;
				PRODUCT_NAME = "$(TARGET_NAME)";
				SWIFT_EMIT_LOC_STRINGS = NO;
				SWIFT_VERSION = 5.0;
				TARGETED_DEVICE_FAMILY = "1,2";
				TEST_TARGET_NAME = Scrumdinger;
			};
			name = Debug;
		};
		77F8A3B62A5FBA08002AF4F1 /* Release */ = {
			isa = XCBuildConfiguration;
			buildSettings = {
				ALWAYS_EMBED_SWIFT_STANDARD_LIBRARIES = YES;
				CODE_SIGN_STYLE = Automatic;
				CURRENT_PROJECT_VERSION = 1;
				GENERATE_INFOPLIST_FILE = YES;
				MARKETING_VERSION = 1.0;
				PRODUCT_BUNDLE_IDENTIFIER = shreyanshdixit.ScrumdingerUITests;
				PRODUCT_NAME = "$(TARGET_NAME)";
				SWIFT_EMIT_LOC_STRINGS = NO;
				SWIFT_VERSION = 5.0;
				TARGETED_DEVICE_FAMILY = "1,2";
				TEST_TARGET_NAME = Scrumdinger;
			};
			name = Release;
		};
/* End XCBuildConfiguration section */

/* Begin XCConfigurationList section */
		77F8A3852A5FBA05002AF4F1 /* Build configuration list for PBXProject "Scrumdinger" */ = {
			isa = XCConfigurationList;
			buildConfigurations = (
				77F8A3AC2A5FBA08002AF4F1 /* Debug */,
				77F8A3AD2A5FBA08002AF4F1 /* Release */,
			);
			defaultConfigurationIsVisible = 0;
			defaultConfigurationName = Release;
		};
		77F8A3AE2A5FBA08002AF4F1 /* Build configuration list for PBXNativeTarget "Scrumdinger" */ = {
			isa = XCConfigurationList;
			buildConfigurations = (
				77F8A3AF2A5FBA08002AF4F1 /* Debug */,
				77F8A3B02A5FBA08002AF4F1 /* Release */,
			);
			defaultConfigurationIsVisible = 0;
			defaultConfigurationName = Release;
		};
		77F8A3B12A5FBA08002AF4F1 /* Build configuration list for PBXNativeTarget "ScrumdingerTests" */ = {
			isa = XCConfigurationList;
			buildConfigurations = (
				77F8A3B22A5FBA08002AF4F1 /* Debug */,
				77F8A3B32A5FBA08002AF4F1 /* Release */,
			);
			defaultConfigurationIsVisible = 0;
			defaultConfigurationName = Release;
		};
		77F8A3B42A5FBA08002AF4F1 /* Build configuration list for PBXNativeTarget "ScrumdingerUITests" */ = {
			isa = XCConfigurationList;
			buildConfigurations = (
				77F8A3B52A5FBA08002AF4F1 /* Debug */,
				77F8A3B62A5FBA08002AF4F1 /* Release */,
			);
			defaultConfigurationIsVisible = 0;
			defaultConfigurationName = Release;
		};
/* End XCConfigurationList section */
	};
	rootObject = 77F8A3822A5FBA05002AF4F1 /* Project object */;
}
